
Microsoft Visual Studio Solution File, Format Version 12.00
# Visual Studio Version 17
VisualStudioVersion = 17.13.35919.96
MinimumVisualStudioVersion = 10.0.40219.1
Project("{8BC9CEB8-8B4A-11D0-8D11-00A0C91BC942}") = "IO", "IO\IO.vcxproj", "{00D6863C-38CF-48CF-8A31-FC01D44BE2D0}"
EndProject
Project("{8BC9CEB8-8B4A-11D0-8D11-00A0C91BC942}") = "Random", "Random\Random.vcxproj", "{2799DA9B-5F91-4B4C-9260-DCA262DD5D03}"
EndProject
Project("{8BC9CEB8-8B4A-11D0-8D11-00A0C91BC942}") = "FileIO", "FileIO\FileIO.vcxproj", "{2E7C73E5-63AA-4AE1-8E3F-21E7A44F564F}"
EndProject
Project("{8BC9CEB8-8B4A-11D0-8D11-00A0C91BC942}") = "Random2", "Random2\Random2.vcxproj", "{6D2D62E2-D9CE-4FD7-B908-336A90DA325C}"
EndProject
Project("{8BC9CEB8-8B4A-11D0-8D11-00A0C91BC942}") = "JNI", "JNI\JNI.vcxproj", "{FBD12BB8-9E1A-4603-827A-158AB28C7CDD}"
EndProject
Project("{8BC9CEB8-8B4A-11D0-8D11-00A0C91BC942}") = "FileIO2", "FileIO2\FileIO2.vcxproj", "{ACD96F62-3CDC-493A-8DDC-10427282677F}"
EndProject
Project("{8BC9CEB8-8B4A-11D0-8D11-00A0C91BC942}") = "String", "String\String.vcxproj", "{BA4E7AE3-4865-4995-A59B-74629D0ADF7F}"
EndProject
Project("{8BC9CEB8-8B4A-11D0-8D11-00A0C91BC942}") = "Struct", "Struct\Struct.vcxproj", "{216DF6DB-1FB8-45A6-A044-F243DF96F2E8}"
EndProject
Project("{8BC9CEB8-8B4A-11D0-8D11-00A0C91BC942}") = "Pointer", "Pointer\Pointer.vcxproj", "{EF0E0FE4-732F-400C-BD1B-73DD03CDFB2B}"
EndProject
Project("{8BC9CEB8-8B4A-11D0-8D11-00A0C91BC942}") = "Array", "Array\Array.vcxproj", "{4A367383-F4E3-4EB0-9947-3482D0BCD2E6}"
EndProject
Project("{8BC9CEB8-8B4A-11D0-8D11-00A0C91BC942}") = "Class", "Class\Class.vcxproj", "{53564AD9-2C20-4FF7-A578-92CDC4CE36B9}"
EndProject
Project("{8BC9CEB8-8B4A-11D0-8D11-00A0C91BC942}") = "Function", "Function\Function.vcxproj", "{C42FD575-ADB1-404C-A6B6-67CEBC026243}"
EndProject
Project("{8BC9CEB8-8B4A-11D0-8D11-00A0C91BC942}") = "FunctionPointer", "FunctionPointer\FunctionPointer.vcxproj", "{E0B8B8D3-D64D-405C-84B0-A34EA945BE2D}"
EndProject
Global
	GlobalSection(SolutionConfigurationPlatforms) = preSolution
		Debug|x64 = Debug|x64
		Debug|x86 = Debug|x86
		Release|x64 = Release|x64
		Release|x86 = Release|x86
	EndGlobalSection
	GlobalSection(ProjectConfigurationPlatforms) = postSolution
		{00D6863C-38CF-48CF-8A31-FC01D44BE2D0}.Debug|x64.ActiveCfg = Debug|x64
		{00D6863C-38CF-48CF-8A31-FC01D44BE2D0}.Debug|x64.Build.0 = Debug|x64
		{00D6863C-38CF-48CF-8A31-FC01D44BE2D0}.Debug|x86.ActiveCfg = Debug|Win32
		{00D6863C-38CF-48CF-8A31-FC01D44BE2D0}.Debug|x86.Build.0 = Debug|Win32
		{00D6863C-38CF-48CF-8A31-FC01D44BE2D0}.Release|x64.ActiveCfg = Release|x64
		{00D6863C-38CF-48CF-8A31-FC01D44BE2D0}.Release|x64.Build.0 = Release|x64
		{00D6863C-38CF-48CF-8A31-FC01D44BE2D0}.Release|x86.ActiveCfg = Release|Win32
		{00D6863C-38CF-48CF-8A31-FC01D44BE2D0}.Release|x86.Build.0 = Release|Win32
		{2799DA9B-5F91-4B4C-9260-DCA262DD5D03}.Debug|x64.ActiveCfg = Debug|x64
		{2799DA9B-5F91-4B4C-9260-DCA262DD5D03}.Debug|x64.Build.0 = Debug|x64
		{2799DA9B-5F91-4B4C-9260-DCA262DD5D03}.Debug|x86.ActiveCfg = Debug|Win32
		{2799DA9B-5F91-4B4C-9260-DCA262DD5D03}.Debug|x86.Build.0 = Debug|Win32
		{2799DA9B-5F91-4B4C-9260-DCA262DD5D03}.Release|x64.ActiveCfg = Release|x64
		{2799DA9B-5F91-4B4C-9260-DCA262DD5D03}.Release|x64.Build.0 = Release|x64
		{2799DA9B-5F91-4B4C-9260-DCA262DD5D03}.Release|x86.ActiveCfg = Release|Win32
		{2799DA9B-5F91-4B4C-9260-DCA262DD5D03}.Release|x86.Build.0 = Release|Win32
		{2E7C73E5-63AA-4AE1-8E3F-21E7A44F564F}.Debug|x64.ActiveCfg = Debug|x64
		{2E7C73E5-63AA-4AE1-8E3F-21E7A44F564F}.Debug|x64.Build.0 = Debug|x64
		{2E7C73E5-63AA-4AE1-8E3F-21E7A44F564F}.Debug|x86.ActiveCfg = Debug|Win32
		{2E7C73E5-63AA-4AE1-8E3F-21E7A44F564F}.Debug|x86.Build.0 = Debug|Win32
		{2E7C73E5-63AA-4AE1-8E3F-21E7A44F564F}.Release|x64.ActiveCfg = Release|x64
		{2E7C73E5-63AA-4AE1-8E3F-21E7A44F564F}.Release|x64.Build.0 = Release|x64
		{2E7C73E5-63AA-4AE1-8E3F-21E7A44F564F}.Release|x86.ActiveCfg = Release|Win32
		{2E7C73E5-63AA-4AE1-8E3F-21E7A44F564F}.Release|x86.Build.0 = Release|Win32
		{6D2D62E2-D9CE-4FD7-B908-336A90DA325C}.Debug|x64.ActiveCfg = Debug|x64
		{6D2D62E2-D9CE-4FD7-B908-336A90DA325C}.Debug|x64.Build.0 = Debug|x64
		{6D2D62E2-D9CE-4FD7-B908-336A90DA325C}.Debug|x86.ActiveCfg = Debug|Win32
		{6D2D62E2-D9CE-4FD7-B908-336A90DA325C}.Debug|x86.Build.0 = Debug|Win32
		{6D2D62E2-D9CE-4FD7-B908-336A90DA325C}.Release|x64.ActiveCfg = Release|x64
		{6D2D62E2-D9CE-4FD7-B908-336A90DA325C}.Release|x64.Build.0 = Release|x64
		{6D2D62E2-D9CE-4FD7-B908-336A90DA325C}.Release|x86.ActiveCfg = Release|Win32
		{6D2D62E2-D9CE-4FD7-B908-336A90DA325C}.Release|x86.Build.0 = Release|Win32
		{FBD12BB8-9E1A-4603-827A-158AB28C7CDD}.Debug|x64.ActiveCfg = Debug|x64
		{FBD12BB8-9E1A-4603-827A-158AB28C7CDD}.Debug|x64.Build.0 = Debug|x64
		{FBD12BB8-9E1A-4603-827A-158AB28C7CDD}.Debug|x86.ActiveCfg = Debug|Win32
		{FBD12BB8-9E1A-4603-827A-158AB28C7CDD}.Debug|x86.Build.0 = Debug|Win32
		{FBD12BB8-9E1A-4603-827A-158AB28C7CDD}.Release|x64.ActiveCfg = Release|x64
		{FBD12BB8-9E1A-4603-827A-158AB28C7CDD}.Release|x64.Build.0 = Release|x64
		{FBD12BB8-9E1A-4603-827A-158AB28C7CDD}.Release|x86.ActiveCfg = Release|Win32
		{FBD12BB8-9E1A-4603-827A-158AB28C7CDD}.Release|x86.Build.0 = Release|Win32
		{ACD96F62-3CDC-493A-8DDC-10427282677F}.Debug|x64.ActiveCfg = Debug|x64
		{ACD96F62-3CDC-493A-8DDC-10427282677F}.Debug|x64.Build.0 = Debug|x64
		{ACD96F62-3CDC-493A-8DDC-10427282677F}.Debug|x86.ActiveCfg = Debug|Win32
		{ACD96F62-3CDC-493A-8DDC-10427282677F}.Debug|x86.Build.0 = Debug|Win32
		{ACD96F62-3CDC-493A-8DDC-10427282677F}.Release|x64.ActiveCfg = Release|x64
		{ACD96F62-3CDC-493A-8DDC-10427282677F}.Release|x64.Build.0 = Release|x64
		{ACD96F62-3CDC-493A-8DDC-10427282677F}.Release|x86.ActiveCfg = Release|Win32
		{ACD96F62-3CDC-493A-8DDC-10427282677F}.Release|x86.Build.0 = Release|Win32
		{BA4E7AE3-4865-4995-A59B-74629D0ADF7F}.Debug|x64.ActiveCfg = Debug|x64
		{BA4E7AE3-4865-4995-A59B-74629D0ADF7F}.Debug|x64.Build.0 = Debug|x64
		{BA4E7AE3-4865-4995-A59B-74629D0ADF7F}.Debug|x86.ActiveCfg = Debug|Win32
		{BA4E7AE3-4865-4995-A59B-74629D0ADF7F}.Debug|x86.Build.0 = Debug|Win32
		{BA4E7AE3-4865-4995-A59B-74629D0ADF7F}.Release|x64.ActiveCfg = Release|x64
		{BA4E7AE3-4865-4995-A59B-74629D0ADF7F}.Release|x64.Build.0 = Release|x64
		{BA4E7AE3-4865-4995-A59B-74629D0ADF7F}.Release|x86.ActiveCfg = Release|Win32
		{BA4E7AE3-4865-4995-A59B-74629D0ADF7F}.Release|x86.Build.0 = Release|Win32
		{216DF6DB-1FB8-45A6-A044-F243DF96F2E8}.Debug|x64.ActiveCfg = Debug|x64
		{216DF6DB-1FB8-45A6-A044-F243DF96F2E8}.Debug|x64.Build.0 = Debug|x64
		{216DF6DB-1FB8-45A6-A044-F243DF96F2E8}.Debug|x86.ActiveCfg = Debug|Win32
		{216DF6DB-1FB8-45A6-A044-F243DF96F2E8}.Debug|x86.Build.0 = Debug|Win32
		{216DF6DB-1FB8-45A6-A044-F243DF96F2E8}.Release|x64.ActiveCfg = Release|x64
		{216DF6DB-1FB8-45A6-A044-F243DF96F2E8}.Release|x64.Build.0 = Release|x64
		{216DF6DB-1FB8-45A6-A044-F243DF96F2E8}.Release|x86.ActiveCfg = Release|Win32
		{216DF6DB-1FB8-45A6-A044-F243DF96F2E8}.Release|x86.Build.0 = Release|Win32
		{EF0E0FE4-732F-400C-BD1B-73DD03CDFB2B}.Debug|x64.ActiveCfg = Debug|x64
		{EF0E0FE4-732F-400C-BD1B-73DD03CDFB2B}.Debug|x64.Build.0 = Debug|x64
		{EF0E0FE4-732F-400C-BD1B-73DD03CDFB2B}.Debug|x86.ActiveCfg = Debug|Win32
		{EF0E0FE4-732F-400C-BD1B-73DD03CDFB2B}.Debug|x86.Build.0 = Debug|Win32
		{EF0E0FE4-732F-400C-BD1B-73DD03CDFB2B}.Release|x64.ActiveCfg = Release|x64
		{EF0E0FE4-732F-400C-BD1B-73DD03CDFB2B}.Release|x64.Build.0 = Release|x64
		{EF0E0FE4-732F-400C-BD1B-73DD03CDFB2B}.Release|x86.ActiveCfg = Release|Win32
		{EF0E0FE4-732F-400C-BD1B-73DD03CDFB2B}.Release|x86.Build.0 = Release|Win32
		{4A367383-F4E3-4EB0-9947-3482D0BCD2E6}.Debug|x64.ActiveCfg = Debug|x64
		{4A367383-F4E3-4EB0-9947-3482D0BCD2E6}.Debug|x64.Build.0 = Debug|x64
		{4A367383-F4E3-4EB0-9947-3482D0BCD2E6}.Debug|x86.ActiveCfg = Debug|Win32
		{4A367383-F4E3-4EB0-9947-3482D0BCD2E6}.Debug|x86.Build.0 = Debug|Win32
		{4A367383-F4E3-4EB0-9947-3482D0BCD2E6}.Release|x64.ActiveCfg = Release|x64
		{4A367383-F4E3-4EB0-9947-3482D0BCD2E6}.Release|x64.Build.0 = Release|x64
		{4A367383-F4E3-4EB0-9947-3482D0BCD2E6}.Release|x86.ActiveCfg = Release|Win32
		{4A367383-F4E3-4EB0-9947-3482D0BCD2E6}.Release|x86.Build.0 = Release|Win32
		{53564AD9-2C20-4FF7-A578-92CDC4CE36B9}.Debug|x64.ActiveCfg = Debug|x64
		{53564AD9-2C20-4FF7-A578-92CDC4CE36B9}.Debug|x64.Build.0 = Debug|x64
		{53564AD9-2C20-4FF7-A578-92CDC4CE36B9}.Debug|x86.ActiveCfg = Debug|Win32
		{53564AD9-2C20-4FF7-A578-92CDC4CE36B9}.Debug|x86.Build.0 = Debug|Win32
		{53564AD9-2C20-4FF7-A578-92CDC4CE36B9}.Release|x64.ActiveCfg = Release|x64
		{53564AD9-2C20-4FF7-A578-92CDC4CE36B9}.Release|x64.Build.0 = Release|x64
		{53564AD9-2C20-4FF7-A578-92CDC4CE36B9}.Release|x86.ActiveCfg = Release|Win32
		{53564AD9-2C20-4FF7-A578-92CDC4CE36B9}.Release|x86.Build.0 = Release|Win32
		{C42FD575-ADB1-404C-A6B6-67CEBC026243}.Debug|x64.ActiveCfg = Debug|x64
		{C42FD575-ADB1-404C-A6B6-67CEBC026243}.Debug|x64.Build.0 = Debug|x64
		{C42FD575-ADB1-404C-A6B6-67CEBC026243}.Debug|x86.ActiveCfg = Debug|Win32
		{C42FD575-ADB1-404C-A6B6-67CEBC026243}.Debug|x86.Build.0 = Debug|Win32
		{C42FD575-ADB1-404C-A6B6-67CEBC026243}.Release|x64.ActiveCfg = Release|x64
		{C42FD575-ADB1-404C-A6B6-67CEBC026243}.Release|x64.Build.0 = Release|x64
		{C42FD575-ADB1-404C-A6B6-67CEBC026243}.Release|x86.ActiveCfg = Release|Win32
		{C42FD575-ADB1-404C-A6B6-67CEBC026243}.Release|x86.Build.0 = Release|Win32
		{E0B8B8D3-D64D-405C-84B0-A34EA945BE2D}.Debug|x64.ActiveCfg = Debug|x64
		{E0B8B8D3-D64D-405C-84B0-A34EA945BE2D}.Debug|x64.Build.0 = Debug|x64
		{E0B8B8D3-D64D-405C-84B0-A34EA945BE2D}.Debug|x86.ActiveCfg = Debug|Win32
		{E0B8B8D3-D64D-405C-84B0-A34EA945BE2D}.Debug|x86.Build.0 = Debug|Win32
		{E0B8B8D3-D64D-405C-84B0-A34EA945BE2D}.Release|x64.ActiveCfg = Release|x64
		{E0B8B8D3-D64D-405C-84B0-A34EA945BE2D}.Release|x64.Build.0 = Release|x64
		{E0B8B8D3-D64D-405C-84B0-A34EA945BE2D}.Release|x86.ActiveCfg = Release|Win32
		{E0B8B8D3-D64D-405C-84B0-A34EA945BE2D}.Release|x86.Build.0 = Release|Win32
	EndGlobalSection
	GlobalSection(SolutionProperties) = preSolution
		HideSolutionNode = FALSE
	EndGlobalSection
	GlobalSection(ExtensibilityGlobals) = postSolution
		SolutionGuid = {0D0D90AE-51A3-44D1-BC55-2C948D544C23}
	EndGlobalSection
EndGlobal
